{
  "name": "test-project",
  "requires": true,
  "lockfileVersion": 1,
  "dependencies": {
    "extendscript-json": {
      "version": "0.1.1",
      "resolved": "https://registry.npmjs.org/extendscript-json/-/extendscript-json-0.1.1.tgz",
      "integrity": "sha512-0kbREJeucz9S0Yl+VgSKj6tKhG6h49uDceiUYTH6fSHVrtldN7lQlYysL+rN/IHEmWIqNCmN6aqNdgK4grfQnw=="
    },
    "fs": {
      "version": "0.0.1-security",
      "resolved": "https://registry.npmjs.org/fs/-/fs-0.0.1-security.tgz",
      "integrity": "sha1-invTcYa23d84E/I4WLV+yq9eQdQ="
    },
    "types-for-adobe": {
      "version": "github:pravdomil/types-for-adobe#5053d9a06b6f7f4759bea9ea1bdf4f20eee14106",
      "from": "github:pravdomil/types-for-adobe"
    }
  }
}
